
Microsoft Visual Studio Solution File, Format Version 12.00
# Visual Studio Version 17
VisualStudioVersion = 17.12.35506.116 d17.12
MinimumVisualStudioVersion = 10.0.40219.1
Project("{FAE04EC0-301F-11D3-BF4B-00C04F79EFBC}") = "ManagementSystem", "ManagementSystem\ManagementSystem.csproj", "{A50C15D1-46DC-4769-AF37-885591A1EEF3}"
EndProject
Global
	GlobalSection(SolutionConfigurationPlatforms) = preSolution
		Debug|Any CPU = Debug|Any CPU
		Release|Any CPU = Release|Any CPU
	EndGlobalSection
	GlobalSection(ProjectConfigurationPlatforms) = postSolution
		{A50C15D1-46DC-4769-AF37-885591A1EEF3}.Debug|Any CPU.ActiveCfg = Debug|Any CPU
		{A50C15D1-46DC-4769-AF37-885591A1EEF3}.Debug|Any CPU.Build.0 = Debug|Any CPU
		{A50C15D1-46DC-4769-AF37-885591A1EEF3}.Release|Any CPU.ActiveCfg = Release|Any CPU
		{A50C15D1-46DC-4769-AF37-885591A1EEF3}.Release|Any CPU.Build.0 = Release|Any CPU
	EndGlobalSection
	GlobalSection(SolutionProperties) = preSolution
		HideSolutionNode = FALSE
	EndGlobalSection
EndGlobal
